// !$*UTF8*$!
{
	archiveVersion = 1;
	classes = {
	};
	objectVersion = 50;
	objects = {

/* Begin PBXBuildFile section */
		74A3846721746064003FC01C /* AppDelegate.swift in Sources */ = {isa = PBXBuildFile; fileRef = 74A3846621746064003FC01C /* AppDelegate.swift */; };
		74A3846921746064003FC01C /* ViewController.swift in Sources */ = {isa = PBXBuildFile; fileRef = 74A3846821746064003FC01C /* ViewController.swift */; };
		74A3846C21746064003FC01C /* Main.storyboard in Resources */ = {isa = PBXBuildFile; fileRef = 74A3846A21746064003FC01C /* Main.storyboard */; };
		74A3846E21746066003FC01C /* Assets.xcassets in Resources */ = {isa = PBXBuildFile; fileRef = 74A3846D21746066003FC01C /* Assets.xcassets */; };
		74A3847121746066003FC01C /* LaunchScreen.storyboard in Resources */ = {isa = PBXBuildFile; fileRef = 74A3846F21746066003FC01C /* LaunchScreen.storyboard */; };
		74A3847921746099003FC01C /* AirQualityData.swift in Sources */ = {isa = PBXBuildFile; fileRef = 74A3847821746099003FC01C /* AirQualityData.swift */; };
/* End PBXBuildFile section */

/* Begin PBXFileReference section */
		74A3846321746064003FC01C /* Busan-AirQuality-XML-Parsing.app */ = {isa = PBXFileReference; explicitFileType = wrapper.application; includeInIndex = 0; path = "Busan-AirQuality-XML-Parsing.app"; sourceTree = BUILT_PRODUCTS_DIR; };
		74A3846621746064003FC01C /* AppDelegate.swift */ = {isa = PBXFileReference; lastKnownFileType = sourcecode.swift; path = AppDelegate.swift; sourceTree = "<group>"; };
		74A3846821746064003FC01C /* ViewController.swift */ = {isa = PBXFileReference; lastKnownFileType = sourcecode.swift; path = ViewController.swift; sourceTree = "<group>"; };
		74A3846B21746064003FC01C /* Base */ = {isa = PBXFileReference; lastKnownFileType = file.storyboard; name = Base; path = Base.lproj/Main.storyboard; sourceTree = "<group>"; };
		74A3846D21746066003FC01C /* Assets.xcassets */ = {isa = PBXFileReference; lastKnownFileType = folder.assetcatalog; path = Assets.xcassets; sourceTree = "<group>"; };
		74A3847021746066003FC01C /* Base */ = {isa = PBXFileReference; lastKnownFileType = file.storyboard; name = Base; path = Base.lproj/LaunchScreen.storyboard; sourceTree = "<group>"; };
		74A3847221746066003FC01C /* Info.plist */ = {isa = PBXFileReference; lastKnownFileType = text.plist.xml; path = Info.plist; sourceTree = "<group>"; };
		74A3847821746099003FC01C /* AirQualityData.swift */ = {isa = PBXFileReference; lastKnownFileType = sourcecode.swift; path = AirQualityData.swift; sourceTree = "<group>"; };
/* End PBXFileReference section */

/* Begin PBXFrameworksBuildPhase section */
		74A3846021746064003FC01C /* Frameworks */ = {
			isa = PBXFrameworksBuildPhase;
			buildActionMask = 2147483647;
			files = (
			);
			runOnlyForDeploymentPostprocessing = 0;
		};
/* End PBXFrameworksBuildPhase section */

/* Begin PBXGroup section */
		74A3845A21746064003FC01C = {
			isa = PBXGroup;
			children = (
				74A3846521746064003FC01C /* Busan-AirQuality-XML-Parsing */,
				74A3846421746064003FC01C /* Products */,
			);
			sourceTree = "<group>";
		};
		74A3846421746064003FC01C /* Products */ = {
			isa = PBXGroup;
			children = (
				74A3846321746064003FC01C /* Busan-AirQuality-XML-Parsing.app */,
			);
			name = Products;
			sourceTree = "<group>";
		};
		74A3846521746064003FC01C /* Busan-AirQuality-XML-Parsing */ = {
			isa = PBXGroup;
			children = (
				74A3846621746064003FC01C /* AppDelegate.swift */,
				74A3846821746064003FC01C /* ViewController.swift */,
				74A3846A21746064003FC01C /* Main.storyboard */,
				74A3846D21746066003FC01C /* Assets.xcassets */,
				74A3846F21746066003FC01C /* LaunchScreen.storyboard */,
				74A3847221746066003FC01C /* Info.plist */,
				74A3847821746099003FC01C /* AirQualityData.swift */,
			);
			path = "Busan-AirQuality-XML-Parsing";
			sourceTree = "<group>";
		};
/* End PBXGroup section */

/* Begin PBXNativeTarget section */
		74A3846221746064003FC01C /* Busan-AirQuality-XML-Parsing */ = {
			isa = PBXNativeTarget;
			buildConfigurationList = 74A3847521746066003FC01C /* Build configuration list for PBXNativeTarget "Busan-AirQuality-XML-Parsing" */;
			buildPhases = (
				74A3845F21746064003FC01C /* Sources */,
				74A3846021746064003FC01C /* Frameworks */,
				74A3846121746064003FC01C /* Resources */,
			);
			buildRules = (
			);
			dependencies = (
			);
			name = "Busan-AirQuality-XML-Parsing";
			productName = "Busan-AirQuality-XML-Parsing";
			productReference = 74A3846321746064003FC01C /* Busan-AirQuality-XML-Parsing.app */;
			productType = "com.apple.product-type.application";
		};
/* End PBXNativeTarget section */

/* Begin PBXProject section */
		74A3845B21746064003FC01C /* Project object */ = {
			isa = PBXProject;
			attributes = {
				LastSwiftUpdateCheck = 0940;
				LastUpgradeCheck = 0940;
				ORGANIZATIONNAME = jhi;
				TargetAttributes = {
					74A3846221746064003FC01C = {
						CreatedOnToolsVersion = 9.4.1;
					};
				};
			};
			buildConfigurationList = 74A3845E21746064003FC01C /* Build configuration list for PBXProject "Busan-AirQuality-XML-Parsing" */;
			compatibilityVersion = "Xcode 9.3";
			developmentRegion = en;
			hasScannedForEncodings = 0;
			knownRegions = (
				en,
				Base,
			);
			mainGroup = 74A3845A21746064003FC01C;
			productRefGroup = 74A3846421746064003FC01C /* Products */;
			projectDirPath = "";
			projectRoot = "";
			targets = (
				74A3846221746064003FC01C /* Busan-AirQuality-XML-Parsing */,
			);
		};
/* End PBXProject section */

/* Begin PBXResourcesBuildPhase section */
		74A3846121746064003FC01C /* Resources */ = {
			isa = PBXResourcesBuildPhase;
			buildActionMask = 2147483647;
			files = (
				74A3847121746066003FC01C /* LaunchScreen.storyboard in Resources */,
				74A3846E21746066003FC01C /* Assets.xcassets in Resources */,
				74A3846C21746064003FC01C /* Main.storyboard in Resources */,
			);
			runOnlyForDeploymentPostprocessing = 0;
		};
/* End PBXResourcesBuildPhase section */

/* Begin PBXSourcesBuildPhase section */
		74A3845F21746064003FC01C /* Sources */ = {
			isa = PBXSourcesBuildPhase;
			buildActionMask = 2147483647;
			files = (
				74A3847921746099003FC01C /* AirQualityData.swift in Sources */,
				74A3846921746064003FC01C /* ViewController.swift in Sources */,
				74A3846721746064003FC01C /* AppDelegate.swift in Sources */,
			);
			runOnlyForDeploymentPostprocessing = 0;
		};
/* End PBXSourcesBuildPhase section */

/* Begin PBXVariantGroup section */
		74A3846A21746064003FC01C /* Main.storyboard */ = {
			isa = PBXVariantGroup;
			children = (
				74A3846B21746064003FC01C /* Base */,
			);
			name = Main.storyboard;
			sourceTree = "<group>";
		};
		74A3846F21746066003FC01C /* LaunchScreen.storyboard */ = {
			isa = PBXVariantGroup;
			children = (
				74A3847021746066003FC01C /* Base */,
			);
			name = LaunchScreen.storyboard;
			sourceTree = "<group>";
		};
/* End PBXVariantGroup section */

/* Begin XCBuildConfiguration section */
		74A3847321746066003FC01C /* Debug */ = {
			isa = XCBuildConfiguration;
			buildSettings = {
				ALWAYS_SEARCH_USER_PATHS = NO;
				CLANG_ANALYZER_NONNULL = YES;
				CLANG_ANALYZER_NUMBER_OBJECT_CONVERSION = YES_AGGRESSIVE;
				CLANG_CXX_LANGUAGE_STANDARD = "gnu++14";
				CLANG_CXX_LIBRARY = "libc++";
				CLANG_ENABLE_MODULES = YES;
				CLANG_ENABLE_OBJC_ARC = YES;
				CLANG_ENABLE_OBJC_WEAK = YES;
				CLANG_WARN_BLOCK_CAPTURE_AUTORELEASING = YES;
				CLANG_WARN_BOOL_CONVERSION = YES;
				CLANG_WARN_COMMA = YES;
				CLANG_WARN_CONSTANT_CONVERSION = YES;
				CLANG_WARN_DEPRECATED_OBJC_IMPLEMENTATIONS = YES;
				CLANG_WARN_DIRECT_OBJC_ISA_USAGE = YES_ERROR;
				CLANG_WARN_DOCUMENTATION_COMMENTS = YES;
				CLANG_WARN_EMPTY_BODY = YES;
				CLANG_WARN_ENUM_CONVERSION = YES;
				CLANG_WARN_INFINITE_RECURSION = YES;
				CLANG_WARN_INT_CONVERSION = YES;
				CLANG_WARN_NON_LITERAL_NULL_CONVERSION = YES;
				CLANG_WARN_OBJC_IMPLICIT_RETAIN_SELF = YES;
				CLANG_WARN_OBJC_LITERAL_CONVERSION = YES;
				CLANG_WARN_OBJC_ROOT_CLASS = YES_ERROR;
				CLANG_WARN_RANGE_LOOP_ANALYSIS = YES;
				CLANG_WARN_STRICT_PROTOTYPES = YES;
				CLANG_WARN_SUSPICIOUS_MOVE = YES;
				CLANG_WARN_UNGUARDED_AVAILABILITY = YES_AGGRESSIVE;
				CLANG_WARN_UNREACHABLE_CODE = YES;
				CLANG_WARN__DUPLICATE_METHOD_MATCH = YES;
				CODE_SIGN_IDENTITY = "iPhone Developer";
				COPY_PHASE_STRIP = NO;
				DEBUG_INFORMATION_FORMAT = dwarf;
				ENABLE_STRICT_OBJC_MSGSEND = YES;
				ENABLE_TESTABILITY = YES;
				GCC_C_LANGUAGE_STANDARD = gnu11;
				GCC_DYNAMIC_NO_PIC = NO;
				GCC_NO_COMMON_BLOCKS = YES;
				GCC_OPTIMIZATION_LEVEL = 0;
				GCC_PREPROCESSOR_DEFINITIONS = (
					"DEBUG=1",
					"$(inherited)",
				);
				GCC_WARN_64_TO_32_BIT_CONVERSION = YES;
				GCC_WARN_ABOUT_RETURN_TYPE = YES_ERROR;
				GCC_WARN_UNDECLARED_SELECTOR = YES;
				GCC_WARN_UNINITIALIZED_AUTOS = YES_AGGRESSIVE;
				GCC_WARN_UNUSED_FUNCTION = YES;
				GCC_WARN_UNUSED_VARIABLE = YES;
				IPHONEOS_DEPLOYMENT_TARGET = 11.4;
				MTL_ENABLE_DEBUG_INFO = YES;
				ONLY_ACTIVE_ARCH = YES;
				SDKROOT = iphoneos;
				SWIFT_ACTIVE_COMPILATION_CONDITIONS = DEBUG;
				SWIFT_OPTIMIZATION_LEVEL = "-Onone";
			};
			name = Debug;
		};
		74A3847421746066003FC01C /* Release */ = {
			isa = XCBuildConfiguration;
			buildSettings = {
				ALWAYS_SEARCH_USER_PATHS = NO;
				CLANG_ANALYZER_NONNULL = YES;
				CLANG_ANALYZER_NUMBER_OBJECT_CONVERSION = YES_AGGRESSIVE;
				CLANG_CXX_LANGUAGE_STANDARD = "gnu++14";
				CLANG_CXX_LIBRARY = "libc++";
				CLANG_ENABLE_MODULES = YES;
				CLANG_ENABLE_OBJC_ARC = YES;
				CLANG_ENABLE_OBJC_WEAK = YES;
				CLANG_WARN_BLOCK_CAPTURE_AUTORELEASING = YES;
				CLANG_WARN_BOOL_CONVERSION = YES;
				CLANG_WARN_COMMA = YES;
				CLANG_WARN_CONSTANT_CONVERSION = YES;
				CLANG_WARN_DEPRECATED_OBJC_IMPLEMENTATIONS = YES;
				CLANG_WARN_DIRECT_OBJC_ISA_USAGE = YES_ERROR;
				CLANG_WARN_DOCUMENTATION_COMMENTS = YES;
				CLANG_WARN_EMPTY_BODY = YES;
				CLANG_WARN_ENUM_CONVERSION = YES;
				CLANG_WARN_INFINITE_RECURSION = YES;
				CLANG_WARN_INT_CONVERSION = YES;
				CLANG_WARN_NON_LITERAL_NULL_CONVERSION = YES;
				CLANG_WARN_OBJC_IMPLICIT_RETAIN_SELF = YES;
				CLANG_WARN_OBJC_LITERAL_CONVERSION = YES;
				CLANG_WARN_OBJC_ROOT_CLASS = YES_ERROR;
				CLANG_WARN_RANGE_LOOP_ANALYSIS = YES;
				CLANG_WARN_STRICT_PROTOTYPES = YES;
				CLANG_WARN_SUSPICIOUS_MOVE = YES;
				CLANG_WARN_UNGUARDED_AVAILABILITY = YES_AGGRESSIVE;
				CLANG_WARN_UNREACHABLE_CODE = YES;
				CLANG_WARN__DUPLICATE_METHOD_MATCH = YES;
				CODE_SIGN_IDENTITY = "iPhone Developer";
				COPY_PHASE_STRIP = NO;
				DEBUG_INFORMATION_FORMAT = "dwarf-with-dsym";
				ENABLE_NS_ASSERTIONS = NO;
				ENABLE_STRICT_OBJC_MSGSEND = YES;
				GCC_C_LANGUAGE_STANDARD = gnu11;
				GCC_NO_COMMON_BLOCKS = YES;
				GCC_WARN_64_TO_32_BIT_CONVERSION = YES;
				GCC_WARN_ABOUT_RETURN_TYPE = YES_ERROR;
				GCC_WARN_UNDECLARED_SELECTOR = YES;
				GCC_WARN_UNINITIALIZED_AUTOS = YES_AGGRESSIVE;
				GCC_WARN_UNUSED_FUNCTION = YES;
				GCC_WARN_UNUSED_VARIABLE = YES;
				IPHONEOS_DEPLOYMENT_TARGET = 11.4;
				MTL_ENABLE_DEBUG_INFO = NO;
				SDKROOT = iphoneos;
				SWIFT_COMPILATION_MODE = wholemodule;
				SWIFT_OPTIMIZATION_LEVEL = "-O";
				VALIDATE_PRODUCT = YES;
			};
			name = Release;
		};
		74A3847621746066003FC01C /* Debug */ = {
			isa = XCBuildConfiguration;
			buildSettings = {
				ASSETCATALOG_COMPILER_APPICON_NAME = AppIcon;
				CODE_SIGN_STYLE = Automatic;
				INFOPLIST_FILE = "Busan-AirQuality-XML-Parsing/Info.plist";
				LD_RUNPATH_SEARCH_PATHS = (
					"$(inherited)",
					"@executable_path/Frameworks",
				);
				PRODUCT_BUNDLE_IDENTIFIER = "lyw.ac.kr.Busan-AirQuality-XML-Parsing";
				PRODUCT_NAME = "$(TARGET_NAME)";
				SWIFT_VERSION = 4.0;
				TARGETED_DEVICE_FAMILY = "1,2";
			};
			name = Debug;
		};
		74A3847721746066003FC01C /* Release */ = {
			isa = XCBuildConfiguration;
			buildSettings = {
				ASSETCATALOG_COMPILER_APPICON_NAME = AppIcon;
				CODE_SIGN_STYLE = Automatic;
				INFOPLIST_FILE = "Busan-AirQuality-XML-Parsing/Info.plist";
				LD_RUNPATH_SEARCH_PATHS = (
					"$(inherited)",
					"@executable_path/Frameworks",
				);
				PRODUCT_BUNDLE_IDENTIFIER = "lyw.ac.kr.Busan-AirQuality-XML-Parsing";
				PRODUCT_NAME = "$(TARGET_NAME)";
				SWIFT_VERSION = 4.0;
				TARGETED_DEVICE_FAMILY = "1,2";
			};
			name = Release;
		};
/* End XCBuildConfiguration section */

/* Begin XCConfigurationList section */
		74A3845E21746064003FC01C /* Build configuration list for PBXProject "Busan-AirQuality-XML-Parsing" */ = {
			isa = XCConfigurationList;
			buildConfigurations = (
				74A3847321746066003FC01C /* Debug */,
				74A3847421746066003FC01C /* Release */,
			);
			defaultConfigurationIsVisible = 0;
			defaultConfigurationName = Release;
		};
		74A3847521746066003FC01C /* Build configuration list for PBXNativeTarget "Busan-AirQuality-XML-Parsing" */ = {
			isa = XCConfigurationList;
			buildConfigurations = (
				74A3847621746066003FC01C /* Debug */,
				74A3847721746066003FC01C /* Release */,
			);
			defaultConfigurationIsVisible = 0;
			defaultConfigurationName = Release;
		};
/* End XCConfigurationList section */
	};
	rootObject = 74A3845B21746064003FC01C /* Project object */;
}
